
Microsoft Visual Studio Solution File, Format Version 12.00
# Visual Studio 15
VisualStudioVersion = 15.0.27004.2006
MinimumVisualStudioVersion = 10.0.40219.1
Project("{FAE04EC0-301F-11D3-BF4B-00C04F79EFBC}") = "Analysers", "Analysers\Analysers.csproj", "{D18314B1-941C-41B8-A234-6A34D7C30343}"
EndProject
Global
	GlobalSection(SolutionConfigurationPlatforms) = preSolution
		Debug|Any CPU = Debug|Any CPU
		Release|Any CPU = Release|Any CPU
	EndGlobalSection
	GlobalSection(ProjectConfigurationPlatforms) = postSolution
		{D18314B1-941C-41B8-A234-6A34D7C30343}.Debug|Any CPU.ActiveCfg = Debug|Any CPU
		{D18314B1-941C-41B8-A234-6A34D7C30343}.Debug|Any CPU.Build.0 = Debug|Any CPU
		{D18314B1-941C-41B8-A234-6A34D7C30343}.Release|Any CPU.ActiveCfg = Release|Any CPU
		{D18314B1-941C-41B8-A234-6A34D7C30343}.Release|Any CPU.Build.0 = Release|Any CPU
	EndGlobalSection
	GlobalSection(SolutionProperties) = preSolution
		HideSolutionNode = FALSE
	EndGlobalSection
	GlobalSection(ExtensibilityGlobals) = postSolution
		SolutionGuid = {32E73F4F-7AA1-4D83-8118-754DC9A25022}
	EndGlobalSection
EndGlobal
